
Microsoft Visual Studio Solution File, Format Version 12.00
# Visual Studio Version 17
VisualStudioVersion = 17.13.35825.156 d17.13
MinimumVisualStudioVersion = 10.0.40219.1
Project("{FAE04EC0-301F-11D3-BF4B-00C04F79EFBC}") = "tp1", "tp1\tp1.csproj", "{340DA1CF-4334-42F7-8731-E41B49679B33}"
EndProject
Project("{FAE04EC0-301F-11D3-BF4B-00C04F79EFBC}") = "SimulationBase", "SimulationBase\SimulationBase.csproj", "{65E3B56D-A601-414E-BAA3-3A1811A63AA5}"
EndProject
Project("{FAE04EC0-301F-11D3-BF4B-00C04F79EFBC}") = "tp2-gpu", "tp2-gpu\tp2-gpu.csproj", "{1C774AE3-D45A-4573-B13B-1116CAFEBCB8}"
EndProject
Project("{FAE04EC0-301F-11D3-BF4B-00C04F79EFBC}") = "tp2", "tp2\tp2.csproj", "{F5B2E570-A4CE-46C8-8F8A-C310DA16AC2C}"
EndProject
Project("{FAE04EC0-301F-11D3-BF4B-00C04F79EFBC}") = "tp3-gpu", "tp3-gpu\tp3-gpu.csproj", "{3732ADF6-22AD-4911-8109-0E0CC06B5935}"
EndProject
Project("{FAE04EC0-301F-11D3-BF4B-00C04F79EFBC}") = "tp4", "tp4\tp4.csproj", "{5FBFD4A4-E76A-49AF-9D7A-4B0DF12ED524}"
EndProject
Project("{FAE04EC0-301F-11D3-BF4B-00C04F79EFBC}") = "tp5-aether", "tp5-aether\tp5-aether.csproj", "{F25AA5B0-148B-4245-86C6-465C6E9C0A8C}"
EndProject
Project("{FAE04EC0-301F-11D3-BF4B-00C04F79EFBC}") = "AetherPhysics", "AetherPhysics\AetherPhysics.csproj", "{FF76B6AE-AFA4-4126-9C34-926B2E71A3CD}"
EndProject
Project("{FAE04EC0-301F-11D3-BF4B-00C04F79EFBC}") = "tp5", "tp5\tp5.csproj", "{D89048B9-4CE0-4F83-8448-120024601E95}"
EndProject
Global
	GlobalSection(SolutionConfigurationPlatforms) = preSolution
		Debug|Any CPU = Debug|Any CPU
		Release|Any CPU = Release|Any CPU
	EndGlobalSection
	GlobalSection(ProjectConfigurationPlatforms) = postSolution
		{340DA1CF-4334-42F7-8731-E41B49679B33}.Debug|Any CPU.ActiveCfg = Debug|Any CPU
		{340DA1CF-4334-42F7-8731-E41B49679B33}.Debug|Any CPU.Build.0 = Debug|Any CPU
		{340DA1CF-4334-42F7-8731-E41B49679B33}.Release|Any CPU.ActiveCfg = Release|Any CPU
		{340DA1CF-4334-42F7-8731-E41B49679B33}.Release|Any CPU.Build.0 = Release|Any CPU
		{65E3B56D-A601-414E-BAA3-3A1811A63AA5}.Debug|Any CPU.ActiveCfg = Debug|Any CPU
		{65E3B56D-A601-414E-BAA3-3A1811A63AA5}.Debug|Any CPU.Build.0 = Debug|Any CPU
		{65E3B56D-A601-414E-BAA3-3A1811A63AA5}.Release|Any CPU.ActiveCfg = Release|Any CPU
		{65E3B56D-A601-414E-BAA3-3A1811A63AA5}.Release|Any CPU.Build.0 = Release|Any CPU
		{1C774AE3-D45A-4573-B13B-1116CAFEBCB8}.Debug|Any CPU.ActiveCfg = Debug|Any CPU
		{1C774AE3-D45A-4573-B13B-1116CAFEBCB8}.Debug|Any CPU.Build.0 = Debug|Any CPU
		{1C774AE3-D45A-4573-B13B-1116CAFEBCB8}.Release|Any CPU.ActiveCfg = Release|Any CPU
		{1C774AE3-D45A-4573-B13B-1116CAFEBCB8}.Release|Any CPU.Build.0 = Release|Any CPU
		{F5B2E570-A4CE-46C8-8F8A-C310DA16AC2C}.Debug|Any CPU.ActiveCfg = Debug|Any CPU
		{F5B2E570-A4CE-46C8-8F8A-C310DA16AC2C}.Debug|Any CPU.Build.0 = Debug|Any CPU
		{F5B2E570-A4CE-46C8-8F8A-C310DA16AC2C}.Release|Any CPU.ActiveCfg = Release|Any CPU
		{F5B2E570-A4CE-46C8-8F8A-C310DA16AC2C}.Release|Any CPU.Build.0 = Release|Any CPU
		{3732ADF6-22AD-4911-8109-0E0CC06B5935}.Debug|Any CPU.ActiveCfg = Debug|Any CPU
		{3732ADF6-22AD-4911-8109-0E0CC06B5935}.Debug|Any CPU.Build.0 = Debug|Any CPU
		{3732ADF6-22AD-4911-8109-0E0CC06B5935}.Release|Any CPU.ActiveCfg = Release|Any CPU
		{3732ADF6-22AD-4911-8109-0E0CC06B5935}.Release|Any CPU.Build.0 = Release|Any CPU
		{5FBFD4A4-E76A-49AF-9D7A-4B0DF12ED524}.Debug|Any CPU.ActiveCfg = Debug|Any CPU
		{5FBFD4A4-E76A-49AF-9D7A-4B0DF12ED524}.Debug|Any CPU.Build.0 = Debug|Any CPU
		{5FBFD4A4-E76A-49AF-9D7A-4B0DF12ED524}.Release|Any CPU.ActiveCfg = Release|Any CPU
		{5FBFD4A4-E76A-49AF-9D7A-4B0DF12ED524}.Release|Any CPU.Build.0 = Release|Any CPU
		{F25AA5B0-148B-4245-86C6-465C6E9C0A8C}.Debug|Any CPU.ActiveCfg = Debug|Any CPU
		{F25AA5B0-148B-4245-86C6-465C6E9C0A8C}.Debug|Any CPU.Build.0 = Debug|Any CPU
		{F25AA5B0-148B-4245-86C6-465C6E9C0A8C}.Release|Any CPU.ActiveCfg = Release|Any CPU
		{F25AA5B0-148B-4245-86C6-465C6E9C0A8C}.Release|Any CPU.Build.0 = Release|Any CPU
		{FF76B6AE-AFA4-4126-9C34-926B2E71A3CD}.Debug|Any CPU.ActiveCfg = Debug|Any CPU
		{FF76B6AE-AFA4-4126-9C34-926B2E71A3CD}.Debug|Any CPU.Build.0 = Debug|Any CPU
		{FF76B6AE-AFA4-4126-9C34-926B2E71A3CD}.Release|Any CPU.ActiveCfg = Release|Any CPU
		{FF76B6AE-AFA4-4126-9C34-926B2E71A3CD}.Release|Any CPU.Build.0 = Release|Any CPU
		{D89048B9-4CE0-4F83-8448-120024601E95}.Debug|Any CPU.ActiveCfg = Debug|Any CPU
		{D89048B9-4CE0-4F83-8448-120024601E95}.Debug|Any CPU.Build.0 = Debug|Any CPU
		{D89048B9-4CE0-4F83-8448-120024601E95}.Release|Any CPU.ActiveCfg = Release|Any CPU
		{D89048B9-4CE0-4F83-8448-120024601E95}.Release|Any CPU.Build.0 = Release|Any CPU
	EndGlobalSection
	GlobalSection(SolutionProperties) = preSolution
		HideSolutionNode = FALSE
	EndGlobalSection
	GlobalSection(ExtensibilityGlobals) = postSolution
		SolutionGuid = {C3ACD0B3-6FB5-4E00-9853-CC8340EF50A8}
	EndGlobalSection
EndGlobal
