
Microsoft Visual Studio Solution File, Format Version 12.00
# Visual Studio Version 17
VisualStudioVersion = 17.13.35825.156 d17.13
MinimumVisualStudioVersion = 10.0.40219.1
Project("{FAE04EC0-301F-11D3-BF4B-00C04F79EFBC}") = "tp1", "tp1\tp1.csproj", "{340DA1CF-4334-42F7-8731-E41B49679B33}"
EndProject
Project("{FAE04EC0-301F-11D3-BF4B-00C04F79EFBC}") = "SimulationBase", "SimulationBase\SimulationBase.csproj", "{65E3B56D-A601-414E-BAA3-3A1811A63AA5}"
EndProject
Project("{FAE04EC0-301F-11D3-BF4B-00C04F79EFBC}") = "tp2-gpu", "tp2-gpu\tp2-gpu.csproj", "{1C774AE3-D45A-4573-B13B-1116CAFEBCB8}"
EndProject
Global
	GlobalSection(SolutionConfigurationPlatforms) = preSolution
		Debug|Any CPU = Debug|Any CPU
		Release|Any CPU = Release|Any CPU
	EndGlobalSection
	GlobalSection(ProjectConfigurationPlatforms) = postSolution
		{340DA1CF-4334-42F7-8731-E41B49679B33}.Debug|Any CPU.ActiveCfg = Debug|Any CPU
		{340DA1CF-4334-42F7-8731-E41B49679B33}.Debug|Any CPU.Build.0 = Debug|Any CPU
		{340DA1CF-4334-42F7-8731-E41B49679B33}.Release|Any CPU.ActiveCfg = Release|Any CPU
		{340DA1CF-4334-42F7-8731-E41B49679B33}.Release|Any CPU.Build.0 = Release|Any CPU
		{65E3B56D-A601-414E-BAA3-3A1811A63AA5}.Debug|Any CPU.ActiveCfg = Debug|Any CPU
		{65E3B56D-A601-414E-BAA3-3A1811A63AA5}.Debug|Any CPU.Build.0 = Debug|Any CPU
		{65E3B56D-A601-414E-BAA3-3A1811A63AA5}.Release|Any CPU.ActiveCfg = Release|Any CPU
		{65E3B56D-A601-414E-BAA3-3A1811A63AA5}.Release|Any CPU.Build.0 = Release|Any CPU
		{1C774AE3-D45A-4573-B13B-1116CAFEBCB8}.Debug|Any CPU.ActiveCfg = Debug|Any CPU
		{1C774AE3-D45A-4573-B13B-1116CAFEBCB8}.Debug|Any CPU.Build.0 = Debug|Any CPU
		{1C774AE3-D45A-4573-B13B-1116CAFEBCB8}.Release|Any CPU.ActiveCfg = Release|Any CPU
		{1C774AE3-D45A-4573-B13B-1116CAFEBCB8}.Release|Any CPU.Build.0 = Release|Any CPU
	EndGlobalSection
	GlobalSection(SolutionProperties) = preSolution
		HideSolutionNode = FALSE
	EndGlobalSection
	GlobalSection(ExtensibilityGlobals) = postSolution
		SolutionGuid = {C3ACD0B3-6FB5-4E00-9853-CC8340EF50A8}
	EndGlobalSection
EndGlobal
